// !$*UTF8*$!
{
	archiveVersion = 1;
	classes = {
	};
	objectVersion = 50;
	objects = {

/* Begin PBXBuildFile section */
		EF8CBAEE242732C900F59589 /* AppDelegate.swift in Sources */ = {isa = PBXBuildFile; fileRef = EF8CBAED242732C900F59589 /* AppDelegate.swift */; };
		EF8CBAF0242732C900F59589 /* SceneDelegate.swift in Sources */ = {isa = PBXBuildFile; fileRef = EF8CBAEF242732C900F59589 /* SceneDelegate.swift */; };
		EF8CBAF2242732CA00F59589 /* ContentView.swift in Sources */ = {isa = PBXBuildFile; fileRef = EF8CBAF1242732CA00F59589 /* ContentView.swift */; };
		EF8CBAF4242732CF00F59589 /* Assets.xcassets in Resources */ = {isa = PBXBuildFile; fileRef = EF8CBAF3242732CF00F59589 /* Assets.xcassets */; };
		EF8CBAF7242732CF00F59589 /* Preview Assets.xcassets in Resources */ = {isa = PBXBuildFile; fileRef = EF8CBAF6242732CF00F59589 /* Preview Assets.xcassets */; };
		EF8CBAFA242732CF00F59589 /* LaunchScreen.storyboard in Resources */ = {isa = PBXBuildFile; fileRef = EF8CBAF8242732CF00F59589 /* LaunchScreen.storyboard */; };
		EFBA0EA3242752ED005A7A4D /* Mountain.swift in Sources */ = {isa = PBXBuildFile; fileRef = EFBA0EA2242752ED005A7A4D /* Mountain.swift */; };
		EFBA0EA5242753EA005A7A4D /* DetailView.swift in Sources */ = {isa = PBXBuildFile; fileRef = EFBA0EA4242753EA005A7A4D /* DetailView.swift */; };
		EFBA0EA7242757AF005A7A4D /* IamgeView.swift in Sources */ = {isa = PBXBuildFile; fileRef = EFBA0EA6242757AF005A7A4D /* IamgeView.swift */; };
		EFBA0EAB24276928005A7A4D /* MapView.swift in Sources */ = {isa = PBXBuildFile; fileRef = EFBA0EAA24276928005A7A4D /* MapView.swift */; };
		EFF794E12430CD9D004C95E6 /* NewsView.swift in Sources */ = {isa = PBXBuildFile; fileRef = EFF794E02430CD9D004C95E6 /* NewsView.swift */; };
		EFF794E92430E1B0004C95E6 /* ReadViewController.swift in Sources */ = {isa = PBXBuildFile; fileRef = EFF794E82430E1B0004C95E6 /* ReadViewController.swift */; };
		EFF794EB2430E8E4004C95E6 /* Color.xcassets in Resources */ = {isa = PBXBuildFile; fileRef = EFF794EA2430E8E4004C95E6 /* Color.xcassets */; };
/* End PBXBuildFile section */

/* Begin PBXFileReference section */
		EF8CBAEA242732C900F59589 /* News.app */ = {isa = PBXFileReference; explicitFileType = wrapper.application; includeInIndex = 0; path = News.app; sourceTree = BUILT_PRODUCTS_DIR; };
		EF8CBAED242732C900F59589 /* AppDelegate.swift */ = {isa = PBXFileReference; lastKnownFileType = sourcecode.swift; path = AppDelegate.swift; sourceTree = "<group>"; };
		EF8CBAEF242732C900F59589 /* SceneDelegate.swift */ = {isa = PBXFileReference; lastKnownFileType = sourcecode.swift; path = SceneDelegate.swift; sourceTree = "<group>"; };
		EF8CBAF1242732CA00F59589 /* ContentView.swift */ = {isa = PBXFileReference; lastKnownFileType = sourcecode.swift; path = ContentView.swift; sourceTree = "<group>"; };
		EF8CBAF3242732CF00F59589 /* Assets.xcassets */ = {isa = PBXFileReference; lastKnownFileType = folder.assetcatalog; path = Assets.xcassets; sourceTree = "<group>"; };
		EF8CBAF6242732CF00F59589 /* Preview Assets.xcassets */ = {isa = PBXFileReference; lastKnownFileType = folder.assetcatalog; path = "Preview Assets.xcassets"; sourceTree = "<group>"; };
		EF8CBAF9242732CF00F59589 /* Base */ = {isa = PBXFileReference; lastKnownFileType = file.storyboard; name = Base; path = Base.lproj/LaunchScreen.storyboard; sourceTree = "<group>"; };
		EF8CBAFB242732CF00F59589 /* Info.plist */ = {isa = PBXFileReference; lastKnownFileType = text.plist.xml; path = Info.plist; sourceTree = "<group>"; };
		EFBA0EA2242752ED005A7A4D /* Mountain.swift */ = {isa = PBXFileReference; lastKnownFileType = sourcecode.swift; path = Mountain.swift; sourceTree = "<group>"; };
		EFBA0EA4242753EA005A7A4D /* DetailView.swift */ = {isa = PBXFileReference; lastKnownFileType = sourcecode.swift; path = DetailView.swift; sourceTree = "<group>"; };
		EFBA0EA6242757AF005A7A4D /* IamgeView.swift */ = {isa = PBXFileReference; lastKnownFileType = sourcecode.swift; path = IamgeView.swift; sourceTree = "<group>"; };
		EFBA0EAA24276928005A7A4D /* MapView.swift */ = {isa = PBXFileReference; lastKnownFileType = sourcecode.swift; path = MapView.swift; sourceTree = "<group>"; };
		EFF794E02430CD9D004C95E6 /* NewsView.swift */ = {isa = PBXFileReference; lastKnownFileType = sourcecode.swift; path = NewsView.swift; sourceTree = "<group>"; };
		EFF794E82430E1B0004C95E6 /* ReadViewController.swift */ = {isa = PBXFileReference; lastKnownFileType = sourcecode.swift; path = ReadViewController.swift; sourceTree = "<group>"; };
		EFF794EA2430E8E4004C95E6 /* Color.xcassets */ = {isa = PBXFileReference; lastKnownFileType = folder.assetcatalog; path = Color.xcassets; sourceTree = "<group>"; };
/* End PBXFileReference section */

/* Begin PBXFrameworksBuildPhase section */
		EF8CBAE7242732C900F59589 /* Frameworks */ = {
			isa = PBXFrameworksBuildPhase;
			buildActionMask = 2147483647;
			files = (
			);
			runOnlyForDeploymentPostprocessing = 0;
		};
/* End PBXFrameworksBuildPhase section */

/* Begin PBXGroup section */
		EF8CBAE1242732C900F59589 = {
			isa = PBXGroup;
			children = (
				EF8CBAEC242732C900F59589 /* News */,
				EF8CBAEB242732C900F59589 /* Products */,
			);
			sourceTree = "<group>";
		};
		EF8CBAEB242732C900F59589 /* Products */ = {
			isa = PBXGroup;
			children = (
				EF8CBAEA242732C900F59589 /* News.app */,
			);
			name = Products;
			sourceTree = "<group>";
		};
		EF8CBAEC242732C900F59589 /* News */ = {
			isa = PBXGroup;
			children = (
				EF8CBAED242732C900F59589 /* AppDelegate.swift */,
				EF8CBAEF242732C900F59589 /* SceneDelegate.swift */,
				EF8CBAF1242732CA00F59589 /* ContentView.swift */,
				EFBA0EA6242757AF005A7A4D /* IamgeView.swift */,
				EFBA0EAA24276928005A7A4D /* MapView.swift */,
				EFBA0EA4242753EA005A7A4D /* DetailView.swift */,
				EFBA0EA2242752ED005A7A4D /* Mountain.swift */,
				EF8CBAF3242732CF00F59589 /* Assets.xcassets */,
				EFF794EA2430E8E4004C95E6 /* Color.xcassets */,
				EF8CBAF8242732CF00F59589 /* LaunchScreen.storyboard */,
				EFF794E82430E1B0004C95E6 /* ReadViewController.swift */,
				EFF794E02430CD9D004C95E6 /* NewsView.swift */,
				EF8CBAFB242732CF00F59589 /* Info.plist */,
				EF8CBAF5242732CF00F59589 /* Preview Content */,
			);
			path = News;
			sourceTree = "<group>";
		};
		EF8CBAF5242732CF00F59589 /* Preview Content */ = {
			isa = PBXGroup;
			children = (
				EF8CBAF6242732CF00F59589 /* Preview Assets.xcassets */,
			);
			path = "Preview Content";
			sourceTree = "<group>";
		};
/* End PBXGroup section */

/* Begin PBXNativeTarget section */
		EF8CBAE9242732C900F59589 /* News */ = {
			isa = PBXNativeTarget;
			buildConfigurationList = EF8CBAFE242732CF00F59589 /* Build configuration list for PBXNativeTarget "News" */;
			buildPhases = (
				EF8CBAE6242732C900F59589 /* Sources */,
				EF8CBAE7242732C900F59589 /* Frameworks */,
				EF8CBAE8242732C900F59589 /* Resources */,
			);
			buildRules = (
			);
			dependencies = (
			);
			name = News;
			productName = News;
			productReference = EF8CBAEA242732C900F59589 /* News.app */;
			productType = "com.apple.product-type.application";
		};
/* End PBXNativeTarget section */

/* Begin PBXProject section */
		EF8CBAE2242732C900F59589 /* Project object */ = {
			isa = PBXProject;
			attributes = {
				LastSwiftUpdateCheck = 1100;
				LastUpgradeCheck = 1100;
				ORGANIZATIONNAME = Carol;
				TargetAttributes = {
					EF8CBAE9242732C900F59589 = {
						CreatedOnToolsVersion = 11.0;
					};
				};
			};
			buildConfigurationList = EF8CBAE5242732C900F59589 /* Build configuration list for PBXProject "News" */;
			compatibilityVersion = "Xcode 9.3";
			developmentRegion = en;
			hasScannedForEncodings = 0;
			knownRegions = (
				en,
				Base,
			);
			mainGroup = EF8CBAE1242732C900F59589;
			productRefGroup = EF8CBAEB242732C900F59589 /* Products */;
			projectDirPath = "";
			projectRoot = "";
			targets = (
				EF8CBAE9242732C900F59589 /* News */,
			);
		};
/* End PBXProject section */

/* Begin PBXResourcesBuildPhase section */
		EF8CBAE8242732C900F59589 /* Resources */ = {
			isa = PBXResourcesBuildPhase;
			buildActionMask = 2147483647;
			files = (
				EF8CBAFA242732CF00F59589 /* LaunchScreen.storyboard in Resources */,
				EFF794EB2430E8E4004C95E6 /* Color.xcassets in Resources */,
				EF8CBAF7242732CF00F59589 /* Preview Assets.xcassets in Resources */,
				EF8CBAF4242732CF00F59589 /* Assets.xcassets in Resources */,
			);
			runOnlyForDeploymentPostprocessing = 0;
		};
/* End PBXResourcesBuildPhase section */

/* Begin PBXSourcesBuildPhase section */
		EF8CBAE6242732C900F59589 /* Sources */ = {
			isa = PBXSourcesBuildPhase;
			buildActionMask = 2147483647;
			files = (
				EFBA0EAB24276928005A7A4D /* MapView.swift in Sources */,
				EFF794E12430CD9D004C95E6 /* NewsView.swift in Sources */,
				EF8CBAEE242732C900F59589 /* AppDelegate.swift in Sources */,
				EFBA0EA5242753EA005A7A4D /* DetailView.swift in Sources */,
				EFF794E92430E1B0004C95E6 /* ReadViewController.swift in Sources */,
				EFBA0EA7242757AF005A7A4D /* IamgeView.swift in Sources */,
				EF8CBAF0242732C900F59589 /* SceneDelegate.swift in Sources */,
				EFBA0EA3242752ED005A7A4D /* Mountain.swift in Sources */,
				EF8CBAF2242732CA00F59589 /* ContentView.swift in Sources */,
			);
			runOnlyForDeploymentPostprocessing = 0;
		};
/* End PBXSourcesBuildPhase section */

/* Begin PBXVariantGroup section */
		EF8CBAF8242732CF00F59589 /* LaunchScreen.storyboard */ = {
			isa = PBXVariantGroup;
			children = (
				EF8CBAF9242732CF00F59589 /* Base */,
			);
			name = LaunchScreen.storyboard;
			sourceTree = "<group>";
		};
/* End PBXVariantGroup section */

/* Begin XCBuildConfiguration section */
		EF8CBAFC242732CF00F59589 /* Debug */ = {
			isa = XCBuildConfiguration;
			buildSettings = {
				ALWAYS_SEARCH_USER_PATHS = NO;
				CLANG_ANALYZER_NONNULL = YES;
				CLANG_ANALYZER_NUMBER_OBJECT_CONVERSION = YES_AGGRESSIVE;
				CLANG_CXX_LANGUAGE_STANDARD = "gnu++14";
				CLANG_CXX_LIBRARY = "libc++";
				CLANG_ENABLE_MODULES = YES;
				CLANG_ENABLE_OBJC_ARC = YES;
				CLANG_ENABLE_OBJC_WEAK = YES;
				CLANG_WARN_BLOCK_CAPTURE_AUTORELEASING = YES;
				CLANG_WARN_BOOL_CONVERSION = YES;
				CLANG_WARN_COMMA = YES;
				CLANG_WARN_CONSTANT_CONVERSION = YES;
				CLANG_WARN_DEPRECATED_OBJC_IMPLEMENTATIONS = YES;
				CLANG_WARN_DIRECT_OBJC_ISA_USAGE = YES_ERROR;
				CLANG_WARN_DOCUMENTATION_COMMENTS = YES;
				CLANG_WARN_EMPTY_BODY = YES;
				CLANG_WARN_ENUM_CONVERSION = YES;
				CLANG_WARN_INFINITE_RECURSION = YES;
				CLANG_WARN_INT_CONVERSION = YES;
				CLANG_WARN_NON_LITERAL_NULL_CONVERSION = YES;
				CLANG_WARN_OBJC_IMPLICIT_RETAIN_SELF = YES;
				CLANG_WARN_OBJC_LITERAL_CONVERSION = YES;
				CLANG_WARN_OBJC_ROOT_CLASS = YES_ERROR;
				CLANG_WARN_RANGE_LOOP_ANALYSIS = YES;
				CLANG_WARN_STRICT_PROTOTYPES = YES;
				CLANG_WARN_SUSPICIOUS_MOVE = YES;
				CLANG_WARN_UNGUARDED_AVAILABILITY = YES_AGGRESSIVE;
				CLANG_WARN_UNREACHABLE_CODE = YES;
				CLANG_WARN__DUPLICATE_METHOD_MATCH = YES;
				COPY_PHASE_STRIP = NO;
				DEBUG_INFORMATION_FORMAT = dwarf;
				ENABLE_STRICT_OBJC_MSGSEND = YES;
				ENABLE_TESTABILITY = YES;
				GCC_C_LANGUAGE_STANDARD = gnu11;
				GCC_DYNAMIC_NO_PIC = NO;
				GCC_NO_COMMON_BLOCKS = YES;
				GCC_OPTIMIZATION_LEVEL = 0;
				GCC_PREPROCESSOR_DEFINITIONS = (
					"DEBUG=1",
					"$(inherited)",
				);
				GCC_WARN_64_TO_32_BIT_CONVERSION = YES;
				GCC_WARN_ABOUT_RETURN_TYPE = YES_ERROR;
				GCC_WARN_UNDECLARED_SELECTOR = YES;
				GCC_WARN_UNINITIALIZED_AUTOS = YES_AGGRESSIVE;
				GCC_WARN_UNUSED_FUNCTION = YES;
				GCC_WARN_UNUSED_VARIABLE = YES;
				IPHONEOS_DEPLOYMENT_TARGET = 13.0;
				MTL_ENABLE_DEBUG_INFO = INCLUDE_SOURCE;
				MTL_FAST_MATH = YES;
				ONLY_ACTIVE_ARCH = YES;
				SDKROOT = iphoneos;
				SWIFT_ACTIVE_COMPILATION_CONDITIONS = DEBUG;
				SWIFT_OPTIMIZATION_LEVEL = "-Onone";
			};
			name = Debug;
		};
		EF8CBAFD242732CF00F59589 /* Release */ = {
			isa = XCBuildConfiguration;
			buildSettings = {
				ALWAYS_SEARCH_USER_PATHS = NO;
				CLANG_ANALYZER_NONNULL = YES;
				CLANG_ANALYZER_NUMBER_OBJECT_CONVERSION = YES_AGGRESSIVE;
				CLANG_CXX_LANGUAGE_STANDARD = "gnu++14";
				CLANG_CXX_LIBRARY = "libc++";
				CLANG_ENABLE_MODULES = YES;
				CLANG_ENABLE_OBJC_ARC = YES;
				CLANG_ENABLE_OBJC_WEAK = YES;
				CLANG_WARN_BLOCK_CAPTURE_AUTORELEASING = YES;
				CLANG_WARN_BOOL_CONVERSION = YES;
				CLANG_WARN_COMMA = YES;
				CLANG_WARN_CONSTANT_CONVERSION = YES;
				CLANG_WARN_DEPRECATED_OBJC_IMPLEMENTATIONS = YES;
				CLANG_WARN_DIRECT_OBJC_ISA_USAGE = YES_ERROR;
				CLANG_WARN_DOCUMENTATION_COMMENTS = YES;
				CLANG_WARN_EMPTY_BODY = YES;
				CLANG_WARN_ENUM_CONVERSION = YES;
				CLANG_WARN_INFINITE_RECURSION = YES;
				CLANG_WARN_INT_CONVERSION = YES;
				CLANG_WARN_NON_LITERAL_NULL_CONVERSION = YES;
				CLANG_WARN_OBJC_IMPLICIT_RETAIN_SELF = YES;
				CLANG_WARN_OBJC_LITERAL_CONVERSION = YES;
				CLANG_WARN_OBJC_ROOT_CLASS = YES_ERROR;
				CLANG_WARN_RANGE_LOOP_ANALYSIS = YES;
				CLANG_WARN_STRICT_PROTOTYPES = YES;
				CLANG_WARN_SUSPICIOUS_MOVE = YES;
				CLANG_WARN_UNGUARDED_AVAILABILITY = YES_AGGRESSIVE;
				CLANG_WARN_UNREACHABLE_CODE = YES;
				CLANG_WARN__DUPLICATE_METHOD_MATCH = YES;
				COPY_PHASE_STRIP = NO;
				DEBUG_INFORMATION_FORMAT = "dwarf-with-dsym";
				ENABLE_NS_ASSERTIONS = NO;
				ENABLE_STRICT_OBJC_MSGSEND = YES;
				GCC_C_LANGUAGE_STANDARD = gnu11;
				GCC_NO_COMMON_BLOCKS = YES;
				GCC_WARN_64_TO_32_BIT_CONVERSION = YES;
				GCC_WARN_ABOUT_RETURN_TYPE = YES_ERROR;
				GCC_WARN_UNDECLARED_SELECTOR = YES;
				GCC_WARN_UNINITIALIZED_AUTOS = YES_AGGRESSIVE;
				GCC_WARN_UNUSED_FUNCTION = YES;
				GCC_WARN_UNUSED_VARIABLE = YES;
				IPHONEOS_DEPLOYMENT_TARGET = 13.0;
				MTL_ENABLE_DEBUG_INFO = NO;
				MTL_FAST_MATH = YES;
				SDKROOT = iphoneos;
				SWIFT_COMPILATION_MODE = wholemodule;
				SWIFT_OPTIMIZATION_LEVEL = "-O";
				VALIDATE_PRODUCT = YES;
			};
			name = Release;
		};
		EF8CBAFF242732CF00F59589 /* Debug */ = {
			isa = XCBuildConfiguration;
			buildSettings = {
				ASSETCATALOG_COMPILER_APPICON_NAME = AppIcon;
				CODE_SIGN_STYLE = Automatic;
				DEVELOPMENT_ASSET_PATHS = "\"News/Preview Content\"";
				ENABLE_PREVIEWS = YES;
				INFOPLIST_FILE = News/Info.plist;
				LD_RUNPATH_SEARCH_PATHS = (
					"$(inherited)",
					"@executable_path/Frameworks",
				);
				PRODUCT_BUNDLE_IDENTIFIER = com.Carol.News;
				PRODUCT_NAME = "$(TARGET_NAME)";
				SWIFT_VERSION = 5.0;
				TARGETED_DEVICE_FAMILY = "1,2";
			};
			name = Debug;
		};
		EF8CBB00242732CF00F59589 /* Release */ = {
			isa = XCBuildConfiguration;
			buildSettings = {
				ASSETCATALOG_COMPILER_APPICON_NAME = AppIcon;
				CODE_SIGN_STYLE = Automatic;
				DEVELOPMENT_ASSET_PATHS = "\"News/Preview Content\"";
				ENABLE_PREVIEWS = YES;
				INFOPLIST_FILE = News/Info.plist;
				LD_RUNPATH_SEARCH_PATHS = (
					"$(inherited)",
					"@executable_path/Frameworks",
				);
				PRODUCT_BUNDLE_IDENTIFIER = com.Carol.News;
				PRODUCT_NAME = "$(TARGET_NAME)";
				SWIFT_VERSION = 5.0;
				TARGETED_DEVICE_FAMILY = "1,2";
			};
			name = Release;
		};
/* End XCBuildConfiguration section */

/* Begin XCConfigurationList section */
		EF8CBAE5242732C900F59589 /* Build configuration list for PBXProject "News" */ = {
			isa = XCConfigurationList;
			buildConfigurations = (
				EF8CBAFC242732CF00F59589 /* Debug */,
				EF8CBAFD242732CF00F59589 /* Release */,
			);
			defaultConfigurationIsVisible = 0;
			defaultConfigurationName = Release;
		};
		EF8CBAFE242732CF00F59589 /* Build configuration list for PBXNativeTarget "News" */ = {
			isa = XCConfigurationList;
			buildConfigurations = (
				EF8CBAFF242732CF00F59589 /* Debug */,
				EF8CBB00242732CF00F59589 /* Release */,
			);
			defaultConfigurationIsVisible = 0;
			defaultConfigurationName = Release;
		};
/* End XCConfigurationList section */
	};
	rootObject = EF8CBAE2242732C900F59589 /* Project object */;
}
